Microsoft Visual Studio Solution File, Format Version 10.00
# Visual C++ Express 2008
Project("{8BC9CEB8-8B4A-11D0-8D11-00A0C91BC942}") = "Unizone", "Unizone.vcproj", "{2CB428BB-576A-4509-BE77-338E8C1F250C}"
EndProject
Project("{8BC9CEB8-8B4A-11D0-8D11-00A0C91BC942}") = "regex", "regex.vcproj", "{074D52A8-24C1-4E67-831B-2B0891DE7A8C}"
EndProject
Project("{8BC9CEB8-8B4A-11D0-8D11-00A0C91BC942}") = "zlib", "zlib.vcproj", "{6867AE77-F79B-49F8-830B-B79DA57D9E41}"
EndProject
Project("{8BC9CEB8-8B4A-11D0-8D11-00A0C91BC942}") = "jpeg", "..\..\..\libjpeg\vc9\qt4\jpeg.vcproj", "{5D1438FE-9DBE-458F-8C60-3BAEEDF6D042}"
EndProject
Global
	GlobalSection(SolutionConfigurationPlatforms) = preSolution
		Debug|Win32 = Debug|Win32
		Release|Win32 = Release|Win32
	EndGlobalSection
	GlobalSection(ProjectConfigurationPlatforms) = postSolution
		{2CB428BB-576A-4509-BE77-338E8C1F250C}.Debug|Win32.ActiveCfg = Debug|Win32
		{2CB428BB-576A-4509-BE77-338E8C1F250C}.Debug|Win32.Build.0 = Debug|Win32
		{2CB428BB-576A-4509-BE77-338E8C1F250C}.Release|Win32.ActiveCfg = Release|Win32
		{2CB428BB-576A-4509-BE77-338E8C1F250C}.Release|Win32.Build.0 = Release|Win32
		{074D52A8-24C1-4E67-831B-2B0891DE7A8C}.Debug|Win32.ActiveCfg = Debug|Win32
		{074D52A8-24C1-4E67-831B-2B0891DE7A8C}.Debug|Win32.Build.0 = Debug|Win32
		{074D52A8-24C1-4E67-831B-2B0891DE7A8C}.Release|Win32.ActiveCfg = Release|Win32
		{074D52A8-24C1-4E67-831B-2B0891DE7A8C}.Release|Win32.Build.0 = Release|Win32
		{6867AE77-F79B-49F8-830B-B79DA57D9E41}.Debug|Win32.ActiveCfg = Debug|Win32
		{6867AE77-F79B-49F8-830B-B79DA57D9E41}.Debug|Win32.Build.0 = Debug|Win32
		{6867AE77-F79B-49F8-830B-B79DA57D9E41}.Release|Win32.ActiveCfg = Release|Win32
		{6867AE77-F79B-49F8-830B-B79DA57D9E41}.Release|Win32.Build.0 = Release|Win32
		{5D1438FE-9DBE-458F-8C60-3BAEEDF6D042}.Debug|Win32.ActiveCfg = Debug|Win32
		{5D1438FE-9DBE-458F-8C60-3BAEEDF6D042}.Debug|Win32.Build.0 = Debug|Win32
		{5D1438FE-9DBE-458F-8C60-3BAEEDF6D042}.Release|Win32.ActiveCfg = Release|Win32
		{5D1438FE-9DBE-458F-8C60-3BAEEDF6D042}.Release|Win32.Build.0 = Release|Win32
	EndGlobalSection
	GlobalSection(SolutionProperties) = preSolution
		HideSolutionNode = FALSE
	EndGlobalSection
EndGlobal
