Microsoft Visual Studio Solution File, Format Version 7.00
Project("{8BC9CEB8-8B4A-11D0-8D11-00A0C91BC942}") = "Unizone", "Ozone.vcproj", "{EFED5CFA-04E8-40B9-ACD9-121B73CCD2FB}"
EndProject
Project("{8BC9CEB8-8B4A-11D0-8D11-00A0C91BC942}") = "muscle", "muscle.vcproj", "{5F9B64BA-8984-4EE7-B794-686CBB0DEDDF}"
EndProject
Global
	GlobalSection(SolutionConfiguration) = preSolution
		ConfigName.0 = Debug
		ConfigName.1 = English
		ConfigName.2 = German
		ConfigName.3 = Portuguese
		ConfigName.4 = Release
	EndGlobalSection
	GlobalSection(ProjectDependencies) = postSolution
	EndGlobalSection
	GlobalSection(ProjectConfiguration) = postSolution
		{EFED5CFA-04E8-40B9-ACD9-121B73CCD2FB}.Debug.ActiveCfg = Debug|Win32
		{EFED5CFA-04E8-40B9-ACD9-121B73CCD2FB}.Debug.Build.0 = Debug|Win32
		{EFED5CFA-04E8-40B9-ACD9-121B73CCD2FB}.English.ActiveCfg = English|Win32
		{EFED5CFA-04E8-40B9-ACD9-121B73CCD2FB}.English.Build.0 = English|Win32
		{EFED5CFA-04E8-40B9-ACD9-121B73CCD2FB}.German.ActiveCfg = German|Win32
		{EFED5CFA-04E8-40B9-ACD9-121B73CCD2FB}.German.Build.0 = German|Win32
		{EFED5CFA-04E8-40B9-ACD9-121B73CCD2FB}.Portuguese.ActiveCfg = Portuguese|Win32
		{EFED5CFA-04E8-40B9-ACD9-121B73CCD2FB}.Portuguese.Build.0 = Portuguese|Win32
		{EFED5CFA-04E8-40B9-ACD9-121B73CCD2FB}.Release.ActiveCfg = Release|Win32
		{EFED5CFA-04E8-40B9-ACD9-121B73CCD2FB}.Release.Build.0 = Release|Win32
		{5F9B64BA-8984-4EE7-B794-686CBB0DEDDF}.Debug.ActiveCfg = Debug|Win32
		{5F9B64BA-8984-4EE7-B794-686CBB0DEDDF}.Debug.Build.0 = Debug|Win32
		{5F9B64BA-8984-4EE7-B794-686CBB0DEDDF}.English.ActiveCfg = Release|Win32
		{5F9B64BA-8984-4EE7-B794-686CBB0DEDDF}.English.Build.0 = Release|Win32
		{5F9B64BA-8984-4EE7-B794-686CBB0DEDDF}.German.ActiveCfg = Release|Win32
		{5F9B64BA-8984-4EE7-B794-686CBB0DEDDF}.German.Build.0 = Release|Win32
		{5F9B64BA-8984-4EE7-B794-686CBB0DEDDF}.Portuguese.ActiveCfg = Release|Win32
		{5F9B64BA-8984-4EE7-B794-686CBB0DEDDF}.Portuguese.Build.0 = Release|Win32
		{5F9B64BA-8984-4EE7-B794-686CBB0DEDDF}.Release.ActiveCfg = Release|Win32
		{5F9B64BA-8984-4EE7-B794-686CBB0DEDDF}.Release.Build.0 = Release|Win32
	EndGlobalSection
	GlobalSection(ExtensibilityGlobals) = postSolution
	EndGlobalSection
	GlobalSection(ExtensibilityAddIns) = postSolution
	EndGlobalSection
EndGlobal
